
Microsoft Visual Studio Solution File, Format Version 12.00
# Visual Studio Version 16
VisualStudioVersion = 16.0.31624.102
MinimumVisualStudioVersion = 10.0.40219.1
Project("{FAE04EC0-301F-11D3-BF4B-00C04F79EFBC}") = "Reader", "Reader\Reader.csproj", "{BA46C83A-A1AB-4222-B5FD-78C25C1F9614}"
EndProject
Global
	GlobalSection(SolutionConfigurationPlatforms) = preSolution
		Debug|Any CPU = Debug|Any CPU
		Release|Any CPU = Release|Any CPU
	EndGlobalSection
	GlobalSection(ProjectConfigurationPlatforms) = postSolution
		{BA46C83A-A1AB-4222-B5FD-78C25C1F9614}.Debug|Any CPU.ActiveCfg = Debug|Any CPU
		{BA46C83A-A1AB-4222-B5FD-78C25C1F9614}.Debug|Any CPU.Build.0 = Debug|Any CPU
		{BA46C83A-A1AB-4222-B5FD-78C25C1F9614}.Release|Any CPU.ActiveCfg = Release|Any CPU
		{BA46C83A-A1AB-4222-B5FD-78C25C1F9614}.Release|Any CPU.Build.0 = Release|Any CPU
	EndGlobalSection
	GlobalSection(SolutionProperties) = preSolution
		HideSolutionNode = FALSE
	EndGlobalSection
	GlobalSection(ExtensibilityGlobals) = postSolution
		SolutionGuid = {3AB06FC5-78C4-4515-8ECF-0997BB0CDE89}
	EndGlobalSection
EndGlobal
